
Microsoft Visual Studio Solution File, Format Version 12.00
# Visual Studio Version 17
VisualStudioVersion = 17.6.33829.357
MinimumVisualStudioVersion = 10.0.40219.1
Project("{FAE04EC0-301F-11D3-BF4B-00C04F79EFBC}") = "supervise+", "supervise+\supervise+.csproj", "{A5E810A3-9709-4874-9970-B47228C78C3E}"
EndProject
Global
	GlobalSection(SolutionConfigurationPlatforms) = preSolution
		Debug|Any CPU = Debug|Any CPU
		Release|Any CPU = Release|Any CPU
	EndGlobalSection
	GlobalSection(ProjectConfigurationPlatforms) = postSolution
		{A5E810A3-9709-4874-9970-B47228C78C3E}.Debug|Any CPU.ActiveCfg = Debug|Any CPU
		{A5E810A3-9709-4874-9970-B47228C78C3E}.Debug|Any CPU.Build.0 = Debug|Any CPU
		{A5E810A3-9709-4874-9970-B47228C78C3E}.Release|Any CPU.ActiveCfg = Release|Any CPU
		{A5E810A3-9709-4874-9970-B47228C78C3E}.Release|Any CPU.Build.0 = Release|Any CPU
	EndGlobalSection
	GlobalSection(SolutionProperties) = preSolution
		HideSolutionNode = FALSE
	EndGlobalSection
	GlobalSection(ExtensibilityGlobals) = postSolution
		SolutionGuid = {B7113AFC-63CA-4176-929D-2B8B777F48EB}
	EndGlobalSection
EndGlobal
